
Microsoft Visual Studio Solution File, Format Version 12.00
# Visual Studio Version 16
VisualStudioVersion = 16.0.31129.286
MinimumVisualStudioVersion = 10.0.40219.1
Project("{FAE04EC0-301F-11D3-BF4B-00C04F79EFBC}") = "DB_Hospital_System", "DB_Hospital_System\DB_Hospital_System.csproj", "{67EC297F-F738-4677-95A5-770E79705A48}"
EndProject
Global
	GlobalSection(SolutionConfigurationPlatforms) = preSolution
		Debug|Any CPU = Debug|Any CPU
		Release|Any CPU = Release|Any CPU
	EndGlobalSection
	GlobalSection(ProjectConfigurationPlatforms) = postSolution
		{67EC297F-F738-4677-95A5-770E79705A48}.Debug|Any CPU.ActiveCfg = Debug|Any CPU
		{67EC297F-F738-4677-95A5-770E79705A48}.Debug|Any CPU.Build.0 = Debug|Any CPU
		{67EC297F-F738-4677-95A5-770E79705A48}.Release|Any CPU.ActiveCfg = Release|Any CPU
		{67EC297F-F738-4677-95A5-770E79705A48}.Release|Any CPU.Build.0 = Release|Any CPU
	EndGlobalSection
	GlobalSection(SolutionProperties) = preSolution
		HideSolutionNode = FALSE
	EndGlobalSection
	GlobalSection(ExtensibilityGlobals) = postSolution
		SolutionGuid = {F2CE4EE5-E3AE-486D-99FD-D613C2851F5E}
	EndGlobalSection
EndGlobal
